
Microsoft Visual Studio Solution File, Format Version 12.00
# Visual Studio Version 17
VisualStudioVersion = 17.7.34202.233
MinimumVisualStudioVersion = 10.0.40219.1
Project("{2150E333-8FDC-42A3-9474-1A3956D46DE8}") = "FrontEnd", "FrontEnd", "{E5517C0C-C56F-4B10-A483-33F163ACA974}"
EndProject
Project("{2150E333-8FDC-42A3-9474-1A3956D46DE8}") = "Gateway", "Gateway", "{CB9EB0D2-3042-4CA6-A806-D64F54BC9BA0}"
EndProject
Project("{2150E333-8FDC-42A3-9474-1A3956D46DE8}") = "Integration", "Integration", "{AAA92C74-B004-45D7-9B9A-2E0373751FC3}"
EndProject
Project("{2150E333-8FDC-42A3-9474-1A3956D46DE8}") = "Services", "Services", "{25340C42-2304-4AC8-BC49-9CFD7EC897AF}"
EndProject
Project("{FAE04EC0-301F-11D3-BF4B-00C04F79EFBC}") = "CodeAndCuisine.Services.CouponAPI", "CodeAndCuisine.Services.CouponAPI\CodeAndCuisine.Services.CouponAPI.csproj", "{3CDA80AC-0CA2-4B34-9A3D-0D7F82847DD6}"
EndProject
Global
	GlobalSection(SolutionConfigurationPlatforms) = preSolution
		Debug|Any CPU = Debug|Any CPU
		Release|Any CPU = Release|Any CPU
	EndGlobalSection
	GlobalSection(ProjectConfigurationPlatforms) = postSolution
		{3CDA80AC-0CA2-4B34-9A3D-0D7F82847DD6}.Debug|Any CPU.ActiveCfg = Debug|Any CPU
		{3CDA80AC-0CA2-4B34-9A3D-0D7F82847DD6}.Debug|Any CPU.Build.0 = Debug|Any CPU
		{3CDA80AC-0CA2-4B34-9A3D-0D7F82847DD6}.Release|Any CPU.ActiveCfg = Release|Any CPU
		{3CDA80AC-0CA2-4B34-9A3D-0D7F82847DD6}.Release|Any CPU.Build.0 = Release|Any CPU
	EndGlobalSection
	GlobalSection(SolutionProperties) = preSolution
		HideSolutionNode = FALSE
	EndGlobalSection
	GlobalSection(NestedProjects) = preSolution
		{3CDA80AC-0CA2-4B34-9A3D-0D7F82847DD6} = {25340C42-2304-4AC8-BC49-9CFD7EC897AF}
	EndGlobalSection
	GlobalSection(ExtensibilityGlobals) = postSolution
		SolutionGuid = {1449617F-68AB-4332-B16E-928FBF496C93}
	EndGlobalSection
EndGlobal
